// !$*UTF8*$!
{
	archiveVersion = 1;
	classes = {
	};
	objectVersion = 46;
	objects = {

/* Begin PBXBuildFile section */
		63A068A31CA1664900798A8E /* main.m in Sources */ = {isa = PBXBuildFile; fileRef = 63A068A21CA1664900798A8E /* main.m */; };
		63A068A61CA1664900798A8E /* AppDelegate.m in Sources */ = {isa = PBXBuildFile; fileRef = 63A068A51CA1664900798A8E /* AppDelegate.m */; };
		63A068A91CA1664900798A8E /* ViewController.m in Sources */ = {isa = PBXBuildFile; fileRef = 63A068A81CA1664900798A8E /* ViewController.m */; };
		63A068AC1CA1664900798A8E /* Main.storyboard in Resources */ = {isa = PBXBuildFile; fileRef = 63A068AA1CA1664900798A8E /* Main.storyboard */; };
		63A068AE1CA1664900798A8E /* Assets.xcassets in Resources */ = {isa = PBXBuildFile; fileRef = 63A068AD1CA1664900798A8E /* Assets.xcassets */; };
		63A068B11CA1664900798A8E /* LaunchScreen.storyboard in Resources */ = {isa = PBXBuildFile; fileRef = 63A068AF1CA1664900798A8E /* LaunchScreen.storyboard */; };
		63A068BC1CA1664900798A8E /* llbTestTests.m in Sources */ = {isa = PBXBuildFile; fileRef = 63A068BB1CA1664900798A8E /* llbTestTests.m */; };
		63A068C71CA1664900798A8E /* llbTestUITests.m in Sources */ = {isa = PBXBuildFile; fileRef = 63A068C61CA1664900798A8E /* llbTestUITests.m */; };
		63A068D61CA166AD00798A8E /* UIView+Frame.m in Sources */ = {isa = PBXBuildFile; fileRef = 63A068D51CA166AD00798A8E /* UIView+Frame.m */; settings = {ASSET_TAGS = (); }; };
/* End PBXBuildFile section */

/* Begin PBXContainerItemProxy section */
		63A068B81CA1664900798A8E /* PBXContainerItemProxy */ = {
			isa = PBXContainerItemProxy;
			containerPortal = 63A068961CA1664900798A8E /* Project object */;
			proxyType = 1;
			remoteGlobalIDString = 63A0689D1CA1664900798A8E;
			remoteInfo = llbTest;
		};
		63A068C31CA1664900798A8E /* PBXContainerItemProxy */ = {
			isa = PBXContainerItemProxy;
			containerPortal = 63A068961CA1664900798A8E /* Project object */;
			proxyType = 1;
			remoteGlobalIDString = 63A0689D1CA1664900798A8E;
			remoteInfo = llbTest;
		};
/* End PBXContainerItemProxy section */

/* Begin PBXFileReference section */
		63A0689E1CA1664900798A8E /* llbTest.app */ = {isa = PBXFileReference; explicitFileType = wrapper.application; includeInIndex = 0; path = llbTest.app; sourceTree = BUILT_PRODUCTS_DIR; };
		63A068A21CA1664900798A8E /* main.m */ = {isa = PBXFileReference; lastKnownFileType = sourcecode.c.objc; path = main.m; sourceTree = "<group>"; };
		63A068A41CA1664900798A8E /* AppDelegate.h */ = {isa = PBXFileReference; lastKnownFileType = sourcecode.c.h; path = AppDelegate.h; sourceTree = "<group>"; };
		63A068A51CA1664900798A8E /* AppDelegate.m */ = {isa = PBXFileReference; lastKnownFileType = sourcecode.c.objc; path = AppDelegate.m; sourceTree = "<group>"; };
		63A068A71CA1664900798A8E /* ViewController.h */ = {isa = PBXFileReference; lastKnownFileType = sourcecode.c.h; path = ViewController.h; sourceTree = "<group>"; };
		63A068A81CA1664900798A8E /* ViewController.m */ = {isa = PBXFileReference; lastKnownFileType = sourcecode.c.objc; path = ViewController.m; sourceTree = "<group>"; };
		63A068AB1CA1664900798A8E /* Base */ = {isa = PBXFileReference; lastKnownFileType = file.storyboard; name = Base; path = Base.lproj/Main.storyboard; sourceTree = "<group>"; };
		63A068AD1CA1664900798A8E /* Assets.xcassets */ = {isa = PBXFileReference; lastKnownFileType = folder.assetcatalog; path = Assets.xcassets; sourceTree = "<group>"; };
		63A068B01CA1664900798A8E /* Base */ = {isa = PBXFileReference; lastKnownFileType = file.storyboard; name = Base; path = Base.lproj/LaunchScreen.storyboard; sourceTree = "<group>"; };
		63A068B21CA1664900798A8E /* Info.plist */ = {isa = PBXFileReference; lastKnownFileType = text.plist.xml; path = Info.plist; sourceTree = "<group>"; };
		63A068B71CA1664900798A8E /* llbTestTests.xctest */ = {isa = PBXFileReference; explicitFileType = wrapper.cfbundle; includeInIndex = 0; path = llbTestTests.xctest; sourceTree = BUILT_PRODUCTS_DIR; };
		63A068BB1CA1664900798A8E /* llbTestTests.m */ = {isa = PBXFileReference; lastKnownFileType = sourcecode.c.objc; path = llbTestTests.m; sourceTree = "<group>"; };
		63A068BD1CA1664900798A8E /* Info.plist */ = {isa = PBXFileReference; lastKnownFileType = text.plist.xml; path = Info.plist; sourceTree = "<group>"; };
		63A068C21CA1664900798A8E /* llbTestUITests.xctest */ = {isa = PBXFileReference; explicitFileType = wrapper.cfbundle; includeInIndex = 0; path = llbTestUITests.xctest; sourceTree = BUILT_PRODUCTS_DIR; };
		63A068C61CA1664900798A8E /* llbTestUITests.m */ = {isa = PBXFileReference; lastKnownFileType = sourcecode.c.objc; path = llbTestUITests.m; sourceTree = "<group>"; };
		63A068C81CA1664900798A8E /* Info.plist */ = {isa = PBXFileReference; lastKnownFileType = text.plist.xml; path = Info.plist; sourceTree = "<group>"; };
		63A068D41CA166AD00798A8E /* UIView+Frame.h */ = {isa = PBXFileReference; fileEncoding = 4; lastKnownFileType = sourcecode.c.h; path = "UIView+Frame.h"; sourceTree = "<group>"; };
		63A068D51CA166AD00798A8E /* UIView+Frame.m */ = {isa = PBXFileReference; fileEncoding = 4; lastKnownFileType = sourcecode.c.objc; path = "UIView+Frame.m"; sourceTree = "<group>"; };
/* End PBXFileReference section */

/* Begin PBXFrameworksBuildPhase section */
		63A0689B1CA1664900798A8E /* Frameworks */ = {
			isa = PBXFrameworksBuildPhase;
			buildActionMask = 2147483647;
			files = (
			);
			runOnlyForDeploymentPostprocessing = 0;
		};
		63A068B41CA1664900798A8E /* Frameworks */ = {
			isa = PBXFrameworksBuildPhase;
			buildActionMask = 2147483647;
			files = (
			);
			runOnlyForDeploymentPostprocessing = 0;
		};
		63A068BF1CA1664900798A8E /* Frameworks */ = {
			isa = PBXFrameworksBuildPhase;
			buildActionMask = 2147483647;
			files = (
			);
			runOnlyForDeploymentPostprocessing = 0;
		};
/* End PBXFrameworksBuildPhase section */

/* Begin PBXGroup section */
		63A068951CA1664900798A8E = {
			isa = PBXGroup;
			children = (
				63A068A01CA1664900798A8E /* llbTest */,
				63A068BA1CA1664900798A8E /* llbTestTests */,
				63A068C51CA1664900798A8E /* llbTestUITests */,
				63A0689F1CA1664900798A8E /* Products */,
			);
			sourceTree = "<group>";
		};
		63A0689F1CA1664900798A8E /* Products */ = {
			isa = PBXGroup;
			children = (
				63A0689E1CA1664900798A8E /* llbTest.app */,
				63A068B71CA1664900798A8E /* llbTestTests.xctest */,
				63A068C21CA1664900798A8E /* llbTestUITests.xctest */,
			);
			name = Products;
			sourceTree = "<group>";
		};
		63A068A01CA1664900798A8E /* llbTest */ = {
			isa = PBXGroup;
			children = (
				63A068D41CA166AD00798A8E /* UIView+Frame.h */,
				63A068D51CA166AD00798A8E /* UIView+Frame.m */,
				63A068A41CA1664900798A8E /* AppDelegate.h */,
				63A068A51CA1664900798A8E /* AppDelegate.m */,
				63A068A71CA1664900798A8E /* ViewController.h */,
				63A068A81CA1664900798A8E /* ViewController.m */,
				63A068AA1CA1664900798A8E /* Main.storyboard */,
				63A068AD1CA1664900798A8E /* Assets.xcassets */,
				63A068AF1CA1664900798A8E /* LaunchScreen.storyboard */,
				63A068B21CA1664900798A8E /* Info.plist */,
				63A068A11CA1664900798A8E /* Supporting Files */,
			);
			path = llbTest;
			sourceTree = "<group>";
		};
		63A068A11CA1664900798A8E /* Supporting Files */ = {
			isa = PBXGroup;
			children = (
				63A068A21CA1664900798A8E /* main.m */,
			);
			name = "Supporting Files";
			sourceTree = "<group>";
		};
		63A068BA1CA1664900798A8E /* llbTestTests */ = {
			isa = PBXGroup;
			children = (
				63A068BB1CA1664900798A8E /* llbTestTests.m */,
				63A068BD1CA1664900798A8E /* Info.plist */,
			);
			path = llbTestTests;
			sourceTree = "<group>";
		};
		63A068C51CA1664900798A8E /* llbTestUITests */ = {
			isa = PBXGroup;
			children = (
				63A068C61CA1664900798A8E /* llbTestUITests.m */,
				63A068C81CA1664900798A8E /* Info.plist */,
			);
			path = llbTestUITests;
			sourceTree = "<group>";
		};
/* End PBXGroup section */

/* Begin PBXNativeTarget section */
		63A0689D1CA1664900798A8E /* llbTest */ = {
			isa = PBXNativeTarget;
			buildConfigurationList = 63A068CB1CA1664900798A8E /* Build configuration list for PBXNativeTarget "llbTest" */;
			buildPhases = (
				63A0689A1CA1664900798A8E /* Sources */,
				63A0689B1CA1664900798A8E /* Frameworks */,
				63A0689C1CA1664900798A8E /* Resources */,
			);
			buildRules = (
			);
			dependencies = (
			);
			name = llbTest;
			productName = llbTest;
			productReference = 63A0689E1CA1664900798A8E /* llbTest.app */;
			productType = "com.apple.product-type.application";
		};
		63A068B61CA1664900798A8E /* llbTestTests */ = {
			isa = PBXNativeTarget;
			buildConfigurationList = 63A068CE1CA1664900798A8E /* Build configuration list for PBXNativeTarget "llbTestTests" */;
			buildPhases = (
				63A068B31CA1664900798A8E /* Sources */,
				63A068B41CA1664900798A8E /* Frameworks */,
				63A068B51CA1664900798A8E /* Resources */,
			);
			buildRules = (
			);
			dependencies = (
				63A068B91CA1664900798A8E /* PBXTargetDependency */,
			);
			name = llbTestTests;
			productName = llbTestTests;
			productReference = 63A068B71CA1664900798A8E /* llbTestTests.xctest */;
			productType = "com.apple.product-type.bundle.unit-test";
		};
		63A068C11CA1664900798A8E /* llbTestUITests */ = {
			isa = PBXNativeTarget;
			buildConfigurationList = 63A068D11CA1664900798A8E /* Build configuration list for PBXNativeTarget "llbTestUITests" */;
			buildPhases = (
				63A068BE1CA1664900798A8E /* Sources */,
				63A068BF1CA1664900798A8E /* Frameworks */,
				63A068C01CA1664900798A8E /* Resources */,
			);
			buildRules = (
			);
			dependencies = (
				63A068C41CA1664900798A8E /* PBXTargetDependency */,
			);
			name = llbTestUITests;
			productName = llbTestUITests;
			productReference = 63A068C21CA1664900798A8E /* llbTestUITests.xctest */;
			productType = "com.apple.product-type.bundle.ui-testing";
		};
/* End PBXNativeTarget section */

/* Begin PBXProject section */
		63A068961CA1664900798A8E /* Project object */ = {
			isa = PBXProject;
			attributes = {
				LastUpgradeCheck = 0700;
				ORGANIZATIONNAME = llb;
				TargetAttributes = {
					63A0689D1CA1664900798A8E = {
						CreatedOnToolsVersion = 7.0.1;
					};
					63A068B61CA1664900798A8E = {
						CreatedOnToolsVersion = 7.0.1;
						TestTargetID = 63A0689D1CA1664900798A8E;
					};
					63A068C11CA1664900798A8E = {
						CreatedOnToolsVersion = 7.0.1;
						TestTargetID = 63A0689D1CA1664900798A8E;
					};
				};
			};
			buildConfigurationList = 63A068991CA1664900798A8E /* Build configuration list for PBXProject "llbTest" */;
			compatibilityVersion = "Xcode 3.2";
			developmentRegion = English;
			hasScannedForEncodings = 0;
			knownRegions = (
				en,
				Base,
			);
			mainGroup = 63A068951CA1664900798A8E;
			productRefGroup = 63A0689F1CA1664900798A8E /* Products */;
			projectDirPath = "";
			projectRoot = "";
			targets = (
				63A0689D1CA1664900798A8E /* llbTest */,
				63A068B61CA1664900798A8E /* llbTestTests */,
				63A068C11CA1664900798A8E /* llbTestUITests */,
			);
		};
/* End PBXProject section */

/* Begin PBXResourcesBuildPhase section */
		63A0689C1CA1664900798A8E /* Resources */ = {
			isa = PBXResourcesBuildPhase;
			buildActionMask = 2147483647;
			files = (
				63A068B11CA1664900798A8E /* LaunchScreen.storyboard in Resources */,
				63A068AE1CA1664900798A8E /* Assets.xcassets in Resources */,
				63A068AC1CA1664900798A8E /* Main.storyboard in Resources */,
			);
			runOnlyForDeploymentPostprocessing = 0;
		};
		63A068B51CA1664900798A8E /* Resources */ = {
			isa = PBXResourcesBuildPhase;
			buildActionMask = 2147483647;
			files = (
			);
			runOnlyForDeploymentPostprocessing = 0;
		};
		63A068C01CA1664900798A8E /* Resources */ = {
			isa = PBXResourcesBuildPhase;
			buildActionMask = 2147483647;
			files = (
			);
			runOnlyForDeploymentPostprocessing = 0;
		};
/* End PBXResourcesBuildPhase section */

/* Begin PBXSourcesBuildPhase section */
		63A0689A1CA1664900798A8E /* Sources */ = {
			isa = PBXSourcesBuildPhase;
			buildActionMask = 2147483647;
			files = (
				63A068D61CA166AD00798A8E /* UIView+Frame.m in Sources */,
				63A068A91CA1664900798A8E /* ViewController.m in Sources */,
				63A068A61CA1664900798A8E /* AppDelegate.m in Sources */,
				63A068A31CA1664900798A8E /* main.m in Sources */,
			);
			runOnlyForDeploymentPostprocessing = 0;
		};
		63A068B31CA1664900798A8E /* Sources */ = {
			isa = PBXSourcesBuildPhase;
			buildActionMask = 2147483647;
			files = (
				63A068BC1CA1664900798A8E /* llbTestTests.m in Sources */,
			);
			runOnlyForDeploymentPostprocessing = 0;
		};
		63A068BE1CA1664900798A8E /* Sources */ = {
			isa = PBXSourcesBuildPhase;
			buildActionMask = 2147483647;
			files = (
				63A068C71CA1664900798A8E /* llbTestUITests.m in Sources */,
			);
			runOnlyForDeploymentPostprocessing = 0;
		};
/* End PBXSourcesBuildPhase section */

/* Begin PBXTargetDependency section */
		63A068B91CA1664900798A8E /* PBXTargetDependency */ = {
			isa = PBXTargetDependency;
			target = 63A0689D1CA1664900798A8E /* llbTest */;
			targetProxy = 63A068B81CA1664900798A8E /* PBXContainerItemProxy */;
		};
		63A068C41CA1664900798A8E /* PBXTargetDependency */ = {
			isa = PBXTargetDependency;
			target = 63A0689D1CA1664900798A8E /* llbTest */;
			targetProxy = 63A068C31CA1664900798A8E /* PBXContainerItemProxy */;
		};
/* End PBXTargetDependency section */

/* Begin PBXVariantGroup section */
		63A068AA1CA1664900798A8E /* Main.storyboard */ = {
			isa = PBXVariantGroup;
			children = (
				63A068AB1CA1664900798A8E /* Base */,
			);
			name = Main.storyboard;
			sourceTree = "<group>";
		};
		63A068AF1CA1664900798A8E /* LaunchScreen.storyboard */ = {
			isa = PBXVariantGroup;
			children = (
				63A068B01CA1664900798A8E /* Base */,
			);
			name = LaunchScreen.storyboard;
			sourceTree = "<group>";
		};
/* End PBXVariantGroup section */

/* Begin XCBuildConfiguration section */
		63A068C91CA1664900798A8E /* Debug */ = {
			isa = XCBuildConfiguration;
			buildSettings = {
				ALWAYS_SEARCH_USER_PATHS = NO;
				CLANG_CXX_LANGUAGE_STANDARD = "gnu++0x";
				CLANG_CXX_LIBRARY = "libc++";
				CLANG_ENABLE_MODULES = YES;
				CLANG_ENABLE_OBJC_ARC = YES;
				CLANG_WARN_BOOL_CONVERSION = YES;
				CLANG_WARN_CONSTANT_CONVERSION = YES;
				CLANG_WARN_DIRECT_OBJC_ISA_USAGE = YES_ERROR;
				CLANG_WARN_EMPTY_BODY = YES;
				CLANG_WARN_ENUM_CONVERSION = YES;
				CLANG_WARN_INT_CONVERSION = YES;
				CLANG_WARN_OBJC_ROOT_CLASS = YES_ERROR;
				CLANG_WARN_UNREACHABLE_CODE = YES;
				CLANG_WARN__DUPLICATE_METHOD_MATCH = YES;
				"CODE_SIGN_IDENTITY[sdk=iphoneos*]" = "iPhone Developer";
				COPY_PHASE_STRIP = NO;
				DEBUG_INFORMATION_FORMAT = dwarf;
				ENABLE_STRICT_OBJC_MSGSEND = YES;
				ENABLE_TESTABILITY = YES;
				GCC_C_LANGUAGE_STANDARD = gnu99;
				GCC_DYNAMIC_NO_PIC = NO;
				GCC_NO_COMMON_BLOCKS = YES;
				GCC_OPTIMIZATION_LEVEL = 0;
				GCC_PREPROCESSOR_DEFINITIONS = (
					"DEBUG=1",
					"$(inherited)",
				);
				GCC_WARN_64_TO_32_BIT_CONVERSION = YES;
				GCC_WARN_ABOUT_RETURN_TYPE = YES_ERROR;
				GCC_WARN_UNDECLARED_SELECTOR = YES;
				GCC_WARN_UNINITIALIZED_AUTOS = YES_AGGRESSIVE;
				GCC_WARN_UNUSED_FUNCTION = YES;
				GCC_WARN_UNUSED_VARIABLE = YES;
				IPHONEOS_DEPLOYMENT_TARGET = 9.0;
				MTL_ENABLE_DEBUG_INFO = YES;
				ONLY_ACTIVE_ARCH = YES;
				SDKROOT = iphoneos;
			};
			name = Debug;
		};
		63A068CA1CA1664900798A8E /* Release */ = {
			isa = XCBuildConfiguration;
			buildSettings = {
				ALWAYS_SEARCH_USER_PATHS = NO;
				CLANG_CXX_LANGUAGE_STANDARD = "gnu++0x";
				CLANG_CXX_LIBRARY = "libc++";
				CLANG_ENABLE_MODULES = YES;
				CLANG_ENABLE_OBJC_ARC = YES;
				CLANG_WARN_BOOL_CONVERSION = YES;
				CLANG_WARN_CONSTANT_CONVERSION = YES;
				CLANG_WARN_DIRECT_OBJC_ISA_USAGE = YES_ERROR;
				CLANG_WARN_EMPTY_BODY = YES;
				CLANG_WARN_ENUM_CONVERSION = YES;
				CLANG_WARN_INT_CONVERSION = YES;
				CLANG_WARN_OBJC_ROOT_CLASS = YES_ERROR;
				CLANG_WARN_UNREACHABLE_CODE = YES;
				CLANG_WARN__DUPLICATE_METHOD_MATCH = YES;
				"CODE_SIGN_IDENTITY[sdk=iphoneos*]" = "iPhone Developer";
				COPY_PHASE_STRIP = NO;
				DEBUG_INFORMATION_FORMAT = "dwarf-with-dsym";
				ENABLE_NS_ASSERTIONS = NO;
				ENABLE_STRICT_OBJC_MSGSEND = YES;
				GCC_C_LANGUAGE_STANDARD = gnu99;
				GCC_NO_COMMON_BLOCKS = YES;
				GCC_WARN_64_TO_32_BIT_CONVERSION = YES;
				GCC_WARN_ABOUT_RETURN_TYPE = YES_ERROR;
				GCC_WARN_UNDECLARED_SELECTOR = YES;
				GCC_WARN_UNINITIALIZED_AUTOS = YES_AGGRESSIVE;
				GCC_WARN_UNUSED_FUNCTION = YES;
				GCC_WARN_UNUSED_VARIABLE = YES;
				IPHONEOS_DEPLOYMENT_TARGET = 9.0;
				MTL_ENABLE_DEBUG_INFO = NO;
				SDKROOT = iphoneos;
				VALIDATE_PRODUCT = YES;
			};
			name = Release;
		};
		63A068CC1CA1664900798A8E /* Debug */ = {
			isa = XCBuildConfiguration;
			buildSettings = {
				ASSETCATALOG_COMPILER_APPICON_NAME = AppIcon;
				INFOPLIST_FILE = llbTest/Info.plist;
				LD_RUNPATH_SEARCH_PATHS = "$(inherited) @executable_path/Frameworks";
				PRODUCT_BUNDLE_IDENTIFIER = com.lzh.llbTest;
				PRODUCT_NAME = "$(TARGET_NAME)";
			};
			name = Debug;
		};
		63A068CD1CA1664900798A8E /* Release */ = {
			isa = XCBuildConfiguration;
			buildSettings = {
				ASSETCATALOG_COMPILER_APPICON_NAME = AppIcon;
				INFOPLIST_FILE = llbTest/Info.plist;
				LD_RUNPATH_SEARCH_PATHS = "$(inherited) @executable_path/Frameworks";
				PRODUCT_BUNDLE_IDENTIFIER = com.lzh.llbTest;
				PRODUCT_NAME = "$(TARGET_NAME)";
			};
			name = Release;
		};
		63A068CF1CA1664900798A8E /* Debug */ = {
			isa = XCBuildConfiguration;
			buildSettings = {
				BUNDLE_LOADER = "$(TEST_HOST)";
				INFOPLIST_FILE = llbTestTests/Info.plist;
				LD_RUNPATH_SEARCH_PATHS = "$(inherited) @executable_path/Frameworks @loader_path/Frameworks";
				PRODUCT_BUNDLE_IDENTIFIER = com.lzh.llbTestTests;
				PRODUCT_NAME = "$(TARGET_NAME)";
				TEST_HOST = "$(BUILT_PRODUCTS_DIR)/llbTest.app/llbTest";
			};
			name = Debug;
		};
		63A068D01CA1664900798A8E /* Release */ = {
			isa = XCBuildConfiguration;
			buildSettings = {
				BUNDLE_LOADER = "$(TEST_HOST)";
				INFOPLIST_FILE = llbTestTests/Info.plist;
				LD_RUNPATH_SEARCH_PATHS = "$(inherited) @executable_path/Frameworks @loader_path/Frameworks";
				PRODUCT_BUNDLE_IDENTIFIER = com.lzh.llbTestTests;
				PRODUCT_NAME = "$(TARGET_NAME)";
				TEST_HOST = "$(BUILT_PRODUCTS_DIR)/llbTest.app/llbTest";
			};
			name = Release;
		};
		63A068D21CA1664900798A8E /* Debug */ = {
			isa = XCBuildConfiguration;
			buildSettings = {
				INFOPLIST_FILE = llbTestUITests/Info.plist;
				LD_RUNPATH_SEARCH_PATHS = "$(inherited) @executable_path/Frameworks @loader_path/Frameworks";
				PRODUCT_BUNDLE_IDENTIFIER = com.lzh.llbTestUITests;
				PRODUCT_NAME = "$(TARGET_NAME)";
				TEST_TARGET_NAME = llbTest;
				USES_XCTRUNNER = YES;
			};
			name = Debug;
		};
		63A068D31CA1664900798A8E /* Release */ = {
			isa = XCBuildConfiguration;
			buildSettings = {
				INFOPLIST_FILE = llbTestUITests/Info.plist;
				LD_RUNPATH_SEARCH_PATHS = "$(inherited) @executable_path/Frameworks @loader_path/Frameworks";
				PRODUCT_BUNDLE_IDENTIFIER = com.lzh.llbTestUITests;
				PRODUCT_NAME = "$(TARGET_NAME)";
				TEST_TARGET_NAME = llbTest;
				USES_XCTRUNNER = YES;
			};
			name = Release;
		};
/* End XCBuildConfiguration section */

/* Begin XCConfigurationList section */
		63A068991CA1664900798A8E /* Build configuration list for PBXProject "llbTest" */ = {
			isa = XCConfigurationList;
			buildConfigurations = (
				63A068C91CA1664900798A8E /* Debug */,
				63A068CA1CA1664900798A8E /* Release */,
			);
			defaultConfigurationIsVisible = 0;
			defaultConfigurationName = Release;
		};
		63A068CB1CA1664900798A8E /* Build configuration list for PBXNativeTarget "llbTest" */ = {
			isa = XCConfigurationList;
			buildConfigurations = (
				63A068CC1CA1664900798A8E /* Debug */,
				63A068CD1CA1664900798A8E /* Release */,
			);
			defaultConfigurationIsVisible = 0;
		};
		63A068CE1CA1664900798A8E /* Build configuration list for PBXNativeTarget "llbTestTests" */ = {
			isa = XCConfigurationList;
			buildConfigurations = (
				63A068CF1CA1664900798A8E /* Debug */,
				63A068D01CA1664900798A8E /* Release */,
			);
			defaultConfigurationIsVisible = 0;
		};
		63A068D11CA1664900798A8E /* Build configuration list for PBXNativeTarget "llbTestUITests" */ = {
			isa = XCConfigurationList;
			buildConfigurations = (
				63A068D21CA1664900798A8E /* Debug */,
				63A068D31CA1664900798A8E /* Release */,
			);
			defaultConfigurationIsVisible = 0;
		};
/* End XCConfigurationList section */
	};
	rootObject = 63A068961CA1664900798A8E /* Project object */;
}
